
Microsoft Visual Studio Solution File, Format Version 12.00
# Visual Studio 15
VisualStudioVersion = 15.0.27130.2036
MinimumVisualStudioVersion = 10.0.40219.1
Project("{E24C65DC-7377-472B-9ABA-BC803B73C61A}") = "OnlineMarginCalculator.v02dev", "OnlineMarginCalculator.v02dev", "{277CC582-5B7E-4EDA-9950-C1067C8D3E93}"
	ProjectSection(WebsiteProperties) = preProject
		SccProjectName = "SAK"
		SccAuxPath = "SAK"
		SccLocalPath = "SAK"
		SccProvider = "SAK"
		TargetFrameworkMoniker = ".NETFramework,Version%3Dv4.5.2"
		Debug.AspNetCompiler.VirtualPath = "/localhost_64420"
		Debug.AspNetCompiler.PhysicalPath = "OnlineMarginCalculator.v02dev\"
		Debug.AspNetCompiler.TargetPath = "PrecompiledWeb\localhost_64420\"
		Debug.AspNetCompiler.Updateable = "true"
		Debug.AspNetCompiler.ForceOverwrite = "true"
		Debug.AspNetCompiler.FixedNames = "false"
		Debug.AspNetCompiler.Debug = "True"
		Release.AspNetCompiler.VirtualPath = "/localhost_64420"
		Release.AspNetCompiler.PhysicalPath = "OnlineMarginCalculator.v02dev\"
		Release.AspNetCompiler.TargetPath = "PrecompiledWeb\localhost_64420\"
		Release.AspNetCompiler.Updateable = "true"
		Release.AspNetCompiler.ForceOverwrite = "true"
		Release.AspNetCompiler.FixedNames = "false"
		Release.AspNetCompiler.Debug = "False"
		VWDPort = "64420"
		SlnRelativePath = "OnlineMarginCalculator.v02dev\"
	EndProjectSection
EndProject
Global
	GlobalSection(SolutionConfigurationPlatforms) = preSolution
		Debug|Any CPU = Debug|Any CPU
	EndGlobalSection
	GlobalSection(ProjectConfigurationPlatforms) = postSolution
		{277CC582-5B7E-4EDA-9950-C1067C8D3E93}.Debug|Any CPU.ActiveCfg = Debug|Any CPU
		{277CC582-5B7E-4EDA-9950-C1067C8D3E93}.Debug|Any CPU.Build.0 = Debug|Any CPU
	EndGlobalSection
	GlobalSection(SolutionProperties) = preSolution
		HideSolutionNode = FALSE
	EndGlobalSection
	GlobalSection(ExtensibilityGlobals) = postSolution
		SolutionGuid = {C4D69974-F099-42AF-A277-0A4DE1841933}
	EndGlobalSection
	GlobalSection(TeamFoundationVersionControl) = preSolution
		SccNumberOfProjects = 2
		SccEnterpriseProvider = {4CA58AB2-18FA-4F8D-95D4-32DDF27D184C}
		SccTeamFoundationServer = https://boxxtech.visualstudio.com/
		SccWebProject0 = true
		SccProjectUniqueName0 = OnlineMarginCalculator.v02dev
		SccProjectName0 = OnlineMarginCalculator.v02dev
		SccLocalPath0 = OnlineMarginCalculator.v02dev
		SccProjectEnlistmentChoice0 = 2
		SccLocalPath1 = .
	EndGlobalSection
EndGlobal
